
Microsoft Visual Studio Solution File, Format Version 12.00
# Visual Studio Version 16
VisualStudioVersion = 16.0.29613.14
MinimumVisualStudioVersion = 10.0.40219.1
Project("{2150E333-8FDC-42A3-9474-1A3956D46DE8}") = "Profile", "Profile", "{61F3835E-7278-4ACC-B993-63DCBE15B547}"
EndProject
Project("{2150E333-8FDC-42A3-9474-1A3956D46DE8}") = "Services", "Services", "{5A45F72C-EA49-4A89-B287-0124DACB15FF}"
EndProject
Project("{2150E333-8FDC-42A3-9474-1A3956D46DE8}") = "WebApp", "WebApp", "{1D60ACFD-01FE-448F-A702-0DDF98B91193}"
EndProject
Project("{2150E333-8FDC-42A3-9474-1A3956D46DE8}") = "src", "src", "{688E3F58-711B-49B6-B392-5B639244E196}"
EndProject
Project("{2150E333-8FDC-42A3-9474-1A3956D46DE8}") = "tests", "tests", "{F8B80642-7194-40EA-908C-4C74EF5E3FDE}"
EndProject
Project("{9A19103F-16F7-4668-BE54-9A1E7A4F7556}") = "Profile.Api", "src\Services\Profile\Profile.Api\Profile.Api.csproj", "{2E141F88-124F-44F1-98BA-8FF4C78AB172}"
EndProject
Project("{2150E333-8FDC-42A3-9474-1A3956D46DE8}") = "ApiGateways", "ApiGateways", "{A0F140AB-3D35-48F4-80C2-EDA588AE75B2}"
EndProject
Project("{2150E333-8FDC-42A3-9474-1A3956D46DE8}") = "tests", "tests", "{53B08B5F-1847-4A71-9215-11313A7B03B6}"
EndProject
Project("{2150E333-8FDC-42A3-9474-1A3956D46DE8}") = "Skills", "Skills", "{FB997142-60C7-4716-90EA-86B8F0C23E7A}"
EndProject
Project("{2150E333-8FDC-42A3-9474-1A3956D46DE8}") = "tests", "tests", "{095E5C22-BD7B-4EF7-9965-DDAF2958459D}"
EndProject
Project("{2150E333-8FDC-42A3-9474-1A3956D46DE8}") = "Shared", "Shared", "{DF9E958A-2E7F-49C1-B218-76AF8C4BF645}"
EndProject
Project("{9A19103F-16F7-4668-BE54-9A1E7A4F7556}") = "Skills.Api", "src\Services\Skills\Skills.Api\Skills.Api.csproj", "{FD1916B7-1E81-4BCD-8D00-5727F78EA9E7}"
EndProject
Project("{9A19103F-16F7-4668-BE54-9A1E7A4F7556}") = "WebSPA", "src\WebApp\WebSPA\WebSPA.csproj", "{051DCDD6-C44E-45CE-9C53-B48DD2A45366}"
EndProject
Project("{9A19103F-16F7-4668-BE54-9A1E7A4F7556}") = "Api.Support", "src\Shared\Api.Support\Api.Support.csproj", "{EF056974-4325-4B56-807E-0E1824C0008C}"
EndProject
Project("{9A19103F-16F7-4668-BE54-9A1E7A4F7556}") = "Web.SkilledWorkers.HttpAggregator", "src\ApiGateways\Web.SkilledWorkers.HttpAggregator\Web.SkilledWorkers.HttpAggregator.csproj", "{BB828F8C-613A-442B-A5F3-FCA8F2459893}"
EndProject
Project("{9A19103F-16F7-4668-BE54-9A1E7A4F7556}") = "Profile.UnitTests", "src\Services\Profile\Profile.UnitTests\Profile.UnitTests.csproj", "{BAAF9FD9-1374-476E-B7EF-3FD115252898}"
EndProject
Global
	GlobalSection(SolutionConfigurationPlatforms) = preSolution
		Debug|Any CPU = Debug|Any CPU
		Release|Any CPU = Release|Any CPU
	EndGlobalSection
	GlobalSection(ProjectConfigurationPlatforms) = postSolution
		{2E141F88-124F-44F1-98BA-8FF4C78AB172}.Debug|Any CPU.ActiveCfg = Debug|Any CPU
		{2E141F88-124F-44F1-98BA-8FF4C78AB172}.Debug|Any CPU.Build.0 = Debug|Any CPU
		{2E141F88-124F-44F1-98BA-8FF4C78AB172}.Release|Any CPU.ActiveCfg = Release|Any CPU
		{2E141F88-124F-44F1-98BA-8FF4C78AB172}.Release|Any CPU.Build.0 = Release|Any CPU
		{FD1916B7-1E81-4BCD-8D00-5727F78EA9E7}.Debug|Any CPU.ActiveCfg = Debug|Any CPU
		{FD1916B7-1E81-4BCD-8D00-5727F78EA9E7}.Debug|Any CPU.Build.0 = Debug|Any CPU
		{FD1916B7-1E81-4BCD-8D00-5727F78EA9E7}.Release|Any CPU.ActiveCfg = Release|Any CPU
		{FD1916B7-1E81-4BCD-8D00-5727F78EA9E7}.Release|Any CPU.Build.0 = Release|Any CPU
		{051DCDD6-C44E-45CE-9C53-B48DD2A45366}.Debug|Any CPU.ActiveCfg = Debug|Any CPU
		{051DCDD6-C44E-45CE-9C53-B48DD2A45366}.Debug|Any CPU.Build.0 = Debug|Any CPU
		{051DCDD6-C44E-45CE-9C53-B48DD2A45366}.Release|Any CPU.ActiveCfg = Release|Any CPU
		{051DCDD6-C44E-45CE-9C53-B48DD2A45366}.Release|Any CPU.Build.0 = Release|Any CPU
		{EF056974-4325-4B56-807E-0E1824C0008C}.Debug|Any CPU.ActiveCfg = Debug|Any CPU
		{EF056974-4325-4B56-807E-0E1824C0008C}.Debug|Any CPU.Build.0 = Debug|Any CPU
		{EF056974-4325-4B56-807E-0E1824C0008C}.Release|Any CPU.ActiveCfg = Release|Any CPU
		{EF056974-4325-4B56-807E-0E1824C0008C}.Release|Any CPU.Build.0 = Release|Any CPU
		{BB828F8C-613A-442B-A5F3-FCA8F2459893}.Debug|Any CPU.ActiveCfg = Debug|Any CPU
		{BB828F8C-613A-442B-A5F3-FCA8F2459893}.Debug|Any CPU.Build.0 = Debug|Any CPU
		{BB828F8C-613A-442B-A5F3-FCA8F2459893}.Release|Any CPU.ActiveCfg = Release|Any CPU
		{BB828F8C-613A-442B-A5F3-FCA8F2459893}.Release|Any CPU.Build.0 = Release|Any CPU
		{BAAF9FD9-1374-476E-B7EF-3FD115252898}.Debug|Any CPU.ActiveCfg = Debug|Any CPU
		{BAAF9FD9-1374-476E-B7EF-3FD115252898}.Debug|Any CPU.Build.0 = Debug|Any CPU
		{BAAF9FD9-1374-476E-B7EF-3FD115252898}.Release|Any CPU.ActiveCfg = Release|Any CPU
		{BAAF9FD9-1374-476E-B7EF-3FD115252898}.Release|Any CPU.Build.0 = Release|Any CPU
	EndGlobalSection
	GlobalSection(SolutionProperties) = preSolution
		HideSolutionNode = FALSE
	EndGlobalSection
	GlobalSection(NestedProjects) = preSolution
		{61F3835E-7278-4ACC-B993-63DCBE15B547} = {5A45F72C-EA49-4A89-B287-0124DACB15FF}
		{5A45F72C-EA49-4A89-B287-0124DACB15FF} = {688E3F58-711B-49B6-B392-5B639244E196}
		{1D60ACFD-01FE-448F-A702-0DDF98B91193} = {688E3F58-711B-49B6-B392-5B639244E196}
		{2E141F88-124F-44F1-98BA-8FF4C78AB172} = {61F3835E-7278-4ACC-B993-63DCBE15B547}
		{A0F140AB-3D35-48F4-80C2-EDA588AE75B2} = {688E3F58-711B-49B6-B392-5B639244E196}
		{53B08B5F-1847-4A71-9215-11313A7B03B6} = {61F3835E-7278-4ACC-B993-63DCBE15B547}
		{FB997142-60C7-4716-90EA-86B8F0C23E7A} = {5A45F72C-EA49-4A89-B287-0124DACB15FF}
		{095E5C22-BD7B-4EF7-9965-DDAF2958459D} = {FB997142-60C7-4716-90EA-86B8F0C23E7A}
		{DF9E958A-2E7F-49C1-B218-76AF8C4BF645} = {688E3F58-711B-49B6-B392-5B639244E196}
		{FD1916B7-1E81-4BCD-8D00-5727F78EA9E7} = {FB997142-60C7-4716-90EA-86B8F0C23E7A}
		{051DCDD6-C44E-45CE-9C53-B48DD2A45366} = {1D60ACFD-01FE-448F-A702-0DDF98B91193}
		{EF056974-4325-4B56-807E-0E1824C0008C} = {DF9E958A-2E7F-49C1-B218-76AF8C4BF645}
		{BB828F8C-613A-442B-A5F3-FCA8F2459893} = {A0F140AB-3D35-48F4-80C2-EDA588AE75B2}
		{BAAF9FD9-1374-476E-B7EF-3FD115252898} = {53B08B5F-1847-4A71-9215-11313A7B03B6}
	EndGlobalSection
	GlobalSection(ExtensibilityGlobals) = postSolution
		SolutionGuid = {FD815E28-179F-4E21-B4F9-E403379F88EA}
	EndGlobalSection
EndGlobal
