
Microsoft Visual Studio Solution File, Format Version 12.00
# Visual Studio Version 16
VisualStudioVersion = 16.0.29613.14
MinimumVisualStudioVersion = 10.0.40219.1
Project("{2150E333-8FDC-42A3-9474-1A3956D46DE8}") = "Profile", "Profile", "{61F3835E-7278-4ACC-B993-63DCBE15B547}"
EndProject
Project("{2150E333-8FDC-42A3-9474-1A3956D46DE8}") = "Services", "Services", "{5A45F72C-EA49-4A89-B287-0124DACB15FF}"
EndProject
Project("{2150E333-8FDC-42A3-9474-1A3956D46DE8}") = "WebApp", "WebApp", "{1D60ACFD-01FE-448F-A702-0DDF98B91193}"
EndProject
Project("{2150E333-8FDC-42A3-9474-1A3956D46DE8}") = "src", "src", "{688E3F58-711B-49B6-B392-5B639244E196}"
EndProject
Project("{2150E333-8FDC-42A3-9474-1A3956D46DE8}") = "tests", "tests", "{F8B80642-7194-40EA-908C-4C74EF5E3FDE}"
EndProject
Project("{9A19103F-16F7-4668-BE54-9A1E7A4F7556}") = "Profile.Api", "src\Services\Profile\Profile.Api\Profile.Api.csproj", "{2E141F88-124F-44F1-98BA-8FF4C78AB172}"
EndProject
Project("{9A19103F-16F7-4668-BE54-9A1E7A4F7556}") = "WebSPA", "WebSPA\WebSPA.csproj", "{66730988-5E59-4780-9395-0F6893B77FF6}"
EndProject
Project("{FAE04EC0-301F-11D3-BF4B-00C04F79EFBC}") = "Web.SkilledWorkers.HttpAggregator", "Web.SkilledWorkers.HttpAggregator\Web.SkilledWorkers.HttpAggregator.csproj", "{98E7DA22-9604-4F2C-8B9A-F944EB5237EB}"
EndProject
Project("{2150E333-8FDC-42A3-9474-1A3956D46DE8}") = "ApiGateways", "ApiGateways", "{A0F140AB-3D35-48F4-80C2-EDA588AE75B2}"
EndProject
Project("{2150E333-8FDC-42A3-9474-1A3956D46DE8}") = "tests", "tests", "{53B08B5F-1847-4A71-9215-11313A7B03B6}"
EndProject
Project("{2150E333-8FDC-42A3-9474-1A3956D46DE8}") = "Skills", "Skills", "{FB997142-60C7-4716-90EA-86B8F0C23E7A}"
EndProject
Project("{FAE04EC0-301F-11D3-BF4B-00C04F79EFBC}") = "Skills.Api", "Skills.Api\Skills.Api.csproj", "{69177EDC-8AFC-4787-94DD-75CA731803B1}"
EndProject
Project("{2150E333-8FDC-42A3-9474-1A3956D46DE8}") = "tests", "tests", "{095E5C22-BD7B-4EF7-9965-DDAF2958459D}"
EndProject
Project("{FAE04EC0-301F-11D3-BF4B-00C04F79EFBC}") = "Profile.UnitTests", "Profile.UnitTests\Profile.UnitTests.csproj", "{8A662519-E6B5-40CB-91FC-C4685E49CBD4}"
EndProject
Project("{2150E333-8FDC-42A3-9474-1A3956D46DE8}") = "Shared", "Shared", "{DF9E958A-2E7F-49C1-B218-76AF8C4BF645}"
EndProject
Project("{FAE04EC0-301F-11D3-BF4B-00C04F79EFBC}") = "Api.Support", "Api.Support\Api.Support.csproj", "{2740A2DE-4A94-46A3-998C-89087508D0E9}"
EndProject
Global
	GlobalSection(SolutionConfigurationPlatforms) = preSolution
		Debug|Any CPU = Debug|Any CPU
		Release|Any CPU = Release|Any CPU
	EndGlobalSection
	GlobalSection(ProjectConfigurationPlatforms) = postSolution
		{2E141F88-124F-44F1-98BA-8FF4C78AB172}.Debug|Any CPU.ActiveCfg = Debug|Any CPU
		{2E141F88-124F-44F1-98BA-8FF4C78AB172}.Debug|Any CPU.Build.0 = Debug|Any CPU
		{2E141F88-124F-44F1-98BA-8FF4C78AB172}.Release|Any CPU.ActiveCfg = Release|Any CPU
		{2E141F88-124F-44F1-98BA-8FF4C78AB172}.Release|Any CPU.Build.0 = Release|Any CPU
		{66730988-5E59-4780-9395-0F6893B77FF6}.Debug|Any CPU.ActiveCfg = Debug|Any CPU
		{66730988-5E59-4780-9395-0F6893B77FF6}.Debug|Any CPU.Build.0 = Debug|Any CPU
		{66730988-5E59-4780-9395-0F6893B77FF6}.Release|Any CPU.ActiveCfg = Release|Any CPU
		{66730988-5E59-4780-9395-0F6893B77FF6}.Release|Any CPU.Build.0 = Release|Any CPU
		{98E7DA22-9604-4F2C-8B9A-F944EB5237EB}.Debug|Any CPU.ActiveCfg = Debug|Any CPU
		{98E7DA22-9604-4F2C-8B9A-F944EB5237EB}.Debug|Any CPU.Build.0 = Debug|Any CPU
		{98E7DA22-9604-4F2C-8B9A-F944EB5237EB}.Release|Any CPU.ActiveCfg = Release|Any CPU
		{98E7DA22-9604-4F2C-8B9A-F944EB5237EB}.Release|Any CPU.Build.0 = Release|Any CPU
		{69177EDC-8AFC-4787-94DD-75CA731803B1}.Debug|Any CPU.ActiveCfg = Debug|Any CPU
		{69177EDC-8AFC-4787-94DD-75CA731803B1}.Debug|Any CPU.Build.0 = Debug|Any CPU
		{69177EDC-8AFC-4787-94DD-75CA731803B1}.Release|Any CPU.ActiveCfg = Release|Any CPU
		{69177EDC-8AFC-4787-94DD-75CA731803B1}.Release|Any CPU.Build.0 = Release|Any CPU
		{8A662519-E6B5-40CB-91FC-C4685E49CBD4}.Debug|Any CPU.ActiveCfg = Debug|Any CPU
		{8A662519-E6B5-40CB-91FC-C4685E49CBD4}.Debug|Any CPU.Build.0 = Debug|Any CPU
		{8A662519-E6B5-40CB-91FC-C4685E49CBD4}.Release|Any CPU.ActiveCfg = Release|Any CPU
		{8A662519-E6B5-40CB-91FC-C4685E49CBD4}.Release|Any CPU.Build.0 = Release|Any CPU
		{2740A2DE-4A94-46A3-998C-89087508D0E9}.Debug|Any CPU.ActiveCfg = Debug|Any CPU
		{2740A2DE-4A94-46A3-998C-89087508D0E9}.Debug|Any CPU.Build.0 = Debug|Any CPU
		{2740A2DE-4A94-46A3-998C-89087508D0E9}.Release|Any CPU.ActiveCfg = Release|Any CPU
		{2740A2DE-4A94-46A3-998C-89087508D0E9}.Release|Any CPU.Build.0 = Release|Any CPU
	EndGlobalSection
	GlobalSection(SolutionProperties) = preSolution
		HideSolutionNode = FALSE
	EndGlobalSection
	GlobalSection(NestedProjects) = preSolution
		{61F3835E-7278-4ACC-B993-63DCBE15B547} = {5A45F72C-EA49-4A89-B287-0124DACB15FF}
		{5A45F72C-EA49-4A89-B287-0124DACB15FF} = {688E3F58-711B-49B6-B392-5B639244E196}
		{1D60ACFD-01FE-448F-A702-0DDF98B91193} = {688E3F58-711B-49B6-B392-5B639244E196}
		{2E141F88-124F-44F1-98BA-8FF4C78AB172} = {61F3835E-7278-4ACC-B993-63DCBE15B547}
		{66730988-5E59-4780-9395-0F6893B77FF6} = {1D60ACFD-01FE-448F-A702-0DDF98B91193}
		{98E7DA22-9604-4F2C-8B9A-F944EB5237EB} = {A0F140AB-3D35-48F4-80C2-EDA588AE75B2}
		{A0F140AB-3D35-48F4-80C2-EDA588AE75B2} = {688E3F58-711B-49B6-B392-5B639244E196}
		{53B08B5F-1847-4A71-9215-11313A7B03B6} = {61F3835E-7278-4ACC-B993-63DCBE15B547}
		{FB997142-60C7-4716-90EA-86B8F0C23E7A} = {5A45F72C-EA49-4A89-B287-0124DACB15FF}
		{69177EDC-8AFC-4787-94DD-75CA731803B1} = {FB997142-60C7-4716-90EA-86B8F0C23E7A}
		{095E5C22-BD7B-4EF7-9965-DDAF2958459D} = {FB997142-60C7-4716-90EA-86B8F0C23E7A}
		{8A662519-E6B5-40CB-91FC-C4685E49CBD4} = {53B08B5F-1847-4A71-9215-11313A7B03B6}
		{DF9E958A-2E7F-49C1-B218-76AF8C4BF645} = {688E3F58-711B-49B6-B392-5B639244E196}
		{2740A2DE-4A94-46A3-998C-89087508D0E9} = {DF9E958A-2E7F-49C1-B218-76AF8C4BF645}
	EndGlobalSection
	GlobalSection(ExtensibilityGlobals) = postSolution
		SolutionGuid = {FD815E28-179F-4E21-B4F9-E403379F88EA}
	EndGlobalSection
EndGlobal
